
Microsoft Visual Studio Solution File, Format Version 12.00
# Visual Studio Version 17
VisualStudioVersion = 17.5.002.0
MinimumVisualStudioVersion = 10.0.40219.1
Project("{9A19103F-16F7-4668-BE54-9A1E7A4F7556}") = "Algorithms", "Algorithms.csproj", "{75F6A17B-07EF-4439-98E6-AF3B3A591040}"
EndProject
Global
	GlobalSection(SolutionConfigurationPlatforms) = preSolution
		Debug|Any CPU = Debug|Any CPU
		Release|Any CPU = Release|Any CPU
	EndGlobalSection
	GlobalSection(ProjectConfigurationPlatforms) = postSolution
		{75F6A17B-07EF-4439-98E6-AF3B3A591040}.Debug|Any CPU.ActiveCfg = Debug|Any CPU
		{75F6A17B-07EF-4439-98E6-AF3B3A591040}.Debug|Any CPU.Build.0 = Debug|Any CPU
		{75F6A17B-07EF-4439-98E6-AF3B3A591040}.Release|Any CPU.ActiveCfg = Release|Any CPU
		{75F6A17B-07EF-4439-98E6-AF3B3A591040}.Release|Any CPU.Build.0 = Release|Any CPU
	EndGlobalSection
	GlobalSection(SolutionProperties) = preSolution
		HideSolutionNode = FALSE
	EndGlobalSection
	GlobalSection(ExtensibilityGlobals) = postSolution
		SolutionGuid = {91BC22EE-C7A4-42D5-B852-9AA8904042B2}
	EndGlobalSection
EndGlobal
